
Microsoft Visual Studio Solution File, Format Version 12.00
# Visual Studio 15
VisualStudioVersion = 15.0.28010.2041
MinimumVisualStudioVersion = 10.0.40219.1
Project("{9A19103F-16F7-4668-BE54-9A1E7A4F7556}") = "FinancialSitch", "FinancialSitch\FinancialSitch.csproj", "{9B15B610-CDE4-4E60-ACB1-E7D7A46CB82E}"
EndProject
Project("{FAE04EC0-301F-11D3-BF4B-00C04F79EFBC}") = "FinancialDashboard", "FinancialDashboard\FinancialDashboard.csproj", "{2471F394-18F3-4F5C-862B-E63BFDF83472}"
EndProject
Global
	GlobalSection(SolutionConfigurationPlatforms) = preSolution
		Debug|Any CPU = Debug|Any CPU
		Release|Any CPU = Release|Any CPU
	EndGlobalSection
	GlobalSection(ProjectConfigurationPlatforms) = postSolution
		{9B15B610-CDE4-4E60-ACB1-E7D7A46CB82E}.Debug|Any CPU.ActiveCfg = Debug|Any CPU
		{9B15B610-CDE4-4E60-ACB1-E7D7A46CB82E}.Debug|Any CPU.Build.0 = Debug|Any CPU
		{9B15B610-CDE4-4E60-ACB1-E7D7A46CB82E}.Release|Any CPU.ActiveCfg = Release|Any CPU
		{9B15B610-CDE4-4E60-ACB1-E7D7A46CB82E}.Release|Any CPU.Build.0 = Release|Any CPU
		{2471F394-18F3-4F5C-862B-E63BFDF83472}.Debug|Any CPU.ActiveCfg = Debug|Any CPU
		{2471F394-18F3-4F5C-862B-E63BFDF83472}.Debug|Any CPU.Build.0 = Debug|Any CPU
		{2471F394-18F3-4F5C-862B-E63BFDF83472}.Release|Any CPU.ActiveCfg = Release|Any CPU
		{2471F394-18F3-4F5C-862B-E63BFDF83472}.Release|Any CPU.Build.0 = Release|Any CPU
	EndGlobalSection
	GlobalSection(SolutionProperties) = preSolution
		HideSolutionNode = FALSE
	EndGlobalSection
	GlobalSection(ExtensibilityGlobals) = postSolution
		SolutionGuid = {D213FFF5-1041-4DC2-BA7D-F03BB90F6F57}
	EndGlobalSection
EndGlobal
